
Microsoft Visual Studio Solution File, Format Version 12.00
# Visual Studio Version 16
VisualStudioVersion = 16.0.30523.141
MinimumVisualStudioVersion = 10.0.40219.1
Project("{FAE04EC0-301F-11D3-BF4B-00C04F79EFBC}") = "Wba.RateMovie.Web", "Wba.RateMovie.Web\Wba.RateMovie.Web.csproj", "{9B377EE8-4A5C-4E6D-9D0F-30FAB63B95A5}"
EndProject
Project("{FAE04EC0-301F-11D3-BF4B-00C04F79EFBC}") = "Wba.RateMovie.Domain", "Wba.RateAMovie.Domain\Wba.RateMovie.Domain.csproj", "{43E5898B-D88E-4167-A45E-9592DB7F53CC}"
EndProject
Global
	GlobalSection(SolutionConfigurationPlatforms) = preSolution
		Debug|Any CPU = Debug|Any CPU
		Release|Any CPU = Release|Any CPU
	EndGlobalSection
	GlobalSection(ProjectConfigurationPlatforms) = postSolution
		{9B377EE8-4A5C-4E6D-9D0F-30FAB63B95A5}.Debug|Any CPU.ActiveCfg = Debug|Any CPU
		{9B377EE8-4A5C-4E6D-9D0F-30FAB63B95A5}.Debug|Any CPU.Build.0 = Debug|Any CPU
		{9B377EE8-4A5C-4E6D-9D0F-30FAB63B95A5}.Release|Any CPU.ActiveCfg = Release|Any CPU
		{9B377EE8-4A5C-4E6D-9D0F-30FAB63B95A5}.Release|Any CPU.Build.0 = Release|Any CPU
		{43E5898B-D88E-4167-A45E-9592DB7F53CC}.Debug|Any CPU.ActiveCfg = Debug|Any CPU
		{43E5898B-D88E-4167-A45E-9592DB7F53CC}.Debug|Any CPU.Build.0 = Debug|Any CPU
		{43E5898B-D88E-4167-A45E-9592DB7F53CC}.Release|Any CPU.ActiveCfg = Release|Any CPU
		{43E5898B-D88E-4167-A45E-9592DB7F53CC}.Release|Any CPU.Build.0 = Release|Any CPU
	EndGlobalSection
	GlobalSection(SolutionProperties) = preSolution
		HideSolutionNode = FALSE
	EndGlobalSection
	GlobalSection(ExtensibilityGlobals) = postSolution
		SolutionGuid = {E9D65C98-201D-45FD-90E9-B3E2BDAC44AB}
	EndGlobalSection
EndGlobal
